<?xml version="1.0" encoding="utf-8"?>
<Project ToolsVersion="4.0" xmlns="http://schemas.microsoft.com/developer/msbuild/2003">
  <ItemGroup>
    <Filter Include="源文件">
      <UniqueIdentifier>{4FC737F1-C7A5-4376-A066-2A32D752A2FF}</UniqueIdentifier>
      <Extensions>cpp;c;cc;cxx;def;odl;idl;hpj;bat;asm;asmx</Extensions>
    </Filter>
    <Filter Include="头文件">
      <UniqueIdentifier>{93995380-89BD-4b04-88EB-625FBE52EBFB}</UniqueIdentifier>
      <Extensions>h;hh;hpp;hxx;hm;inl;inc;xsd</Extensions>
    </Filter>
    <Filter Include="资源文件">
      <UniqueIdentifier>{67DA6AB6-F800-4c08-8B7A-83BB121AAD01}</UniqueIdentifier>
      <Extensions>rc;ico;cur;bmp;dlg;rc2;rct;bin;rgs;gif;jpg;jpeg;jpe;resx;tiff;tif;png;wav;mfcribbon-ms</Extensions>
    </Filter>
    <Filter Include="查看学生电脑">
      <UniqueIdentifier>{c788d55c-0b65-4920-a0a6-2303d33f3c30}</UniqueIdentifier>
    </Filter>
    <Filter Include="成绩接收">
      <UniqueIdentifier>{d18a3459-180c-4c0a-9042-c55e1825487c}</UniqueIdentifier>
    </Filter>
    <Filter Include="成绩查询">
      <UniqueIdentifier>{b25f9dc1-516a-4b3f-b936-71b75ad75741}</UniqueIdentifier>
    </Filter>
    <Filter Include="成绩查询\元件伏安特性测试">
      <UniqueIdentifier>{6cc6e486-258e-4bde-9e59-10c782e7078b}</UniqueIdentifier>
    </Filter>
    <Filter Include="长连接">
      <UniqueIdentifier>{e4725d8f-e5aa-4545-b8a4-6f8aa6979adc}</UniqueIdentifier>
    </Filter>
    <Filter Include="查看学生电脑\学生正在做的实验">
      <UniqueIdentifier>{083e47c5-886f-438f-8ff6-47128b5c61a4}</UniqueIdentifier>
    </Filter>
    <Filter Include="查看学生电脑\成绩监控">
      <UniqueIdentifier>{1bfc1158-ce86-4048-88f0-9a53040077f0}</UniqueIdentifier>
    </Filter>
    <Filter Include="今天做的实验">
      <UniqueIdentifier>{ed0d588b-0ee8-4952-821b-efa1c5090a0c}</UniqueIdentifier>
    </Filter>
    <Filter Include="成绩查询\基尔霍夫定律">
      <UniqueIdentifier>{8e34c855-5646-40cd-b5d4-20f926ce54d4}</UniqueIdentifier>
    </Filter>
    <Filter Include="成绩查询\叠加原理">
      <UniqueIdentifier>{63b7d2e7-a754-488c-ae43-aaeb41367a41}</UniqueIdentifier>
    </Filter>
    <Filter Include="成绩查询\戴维南定理">
      <UniqueIdentifier>{f6eb9d96-ebcd-4928-a866-08cf8242aeba}</UniqueIdentifier>
    </Filter>
    <Filter Include="成绩查询\电压源与电流源的等效变换">
      <UniqueIdentifier>{be5a64ae-8812-4fd9-9d33-1c6e96781445}</UniqueIdentifier>
    </Filter>
    <Filter Include="成绩查询\一阶电路的响应测试">
      <UniqueIdentifier>{178a8593-2ac8-4812-b4d8-5eaa71b14859}</UniqueIdentifier>
    </Filter>
    <Filter Include="成绩查询\二阶动态电路响应的研究">
      <UniqueIdentifier>{6a160197-2971-482a-9f06-b2cc004c5088}</UniqueIdentifier>
    </Filter>
    <Filter Include="成绩查询\VCVS实验">
      <UniqueIdentifier>{bc573bd0-0f2f-4532-bb5c-acf66f97ecd0}</UniqueIdentifier>
    </Filter>
    <Filter Include="成绩查询\二端口网络的研究">
      <UniqueIdentifier>{ba6d91b7-e0f7-48c2-be0a-153f37be16e7}</UniqueIdentifier>
    </Filter>
    <Filter Include="成绩查询\最大功率传输条件的测定">
      <UniqueIdentifier>{1cdcf6c2-9f14-4fa0-aa36-d853a980d63b}</UniqueIdentifier>
    </Filter>
    <Filter Include="成绩查询\电路状态轨迹的观测">
      <UniqueIdentifier>{6e47c445-fdcb-434e-8311-5e590d886470}</UniqueIdentifier>
    </Filter>
    <Filter Include="成绩查询\RLC元件阻抗特性的测定">
      <UniqueIdentifier>{d9b5ed21-dc9f-4352-a69b-06382e141e2f}</UniqueIdentifier>
    </Filter>
    <Filter Include="成绩查询\RLC串联谐振电路的研究">
      <UniqueIdentifier>{9dc71951-c72d-4ffb-b778-036d8680a4f9}</UniqueIdentifier>
    </Filter>
    <Filter Include="成绩查询\单相铁心变压器特性的测试">
      <UniqueIdentifier>{dc367f3e-d014-4374-bb25-bb715d2bee79}</UniqueIdentifier>
    </Filter>
    <Filter Include="成绩查询\单相电度表实验">
      <UniqueIdentifier>{9f6e22e9-8734-440b-9e50-9fce2c0dea0f}</UniqueIdentifier>
    </Filter>
    <Filter Include="成绩查询\三相交流电路电压电流的测量">
      <UniqueIdentifier>{076e9695-d05f-4de4-8bfb-58f5f7205a8e}</UniqueIdentifier>
    </Filter>
    <Filter Include="成绩查询\日光灯功率因数的提高">
      <UniqueIdentifier>{b3def93f-5120-418d-a82d-da67eba6a2c4}</UniqueIdentifier>
    </Filter>
    <Filter Include="成绩查询\回转器">
      <UniqueIdentifier>{7fbcd987-bda4-4fce-baf7-6307d39bd449}</UniqueIdentifier>
    </Filter>
  </ItemGroup>
  <ItemGroup>
    <ClInclude Include="Login.h">
      <Filter>源文件</Filter>
    </ClInclude>
    <ClInclude Include="mainWnd.h">
      <Filter>源文件</Filter>
    </ClInclude>
    <ClInclude Include="lookStuCom.h">
      <Filter>查看学生电脑</Filter>
    </ClInclude>
    <ClInclude Include="tool.h">
      <Filter>头文件</Filter>
    </ClInclude>
    <ClInclude Include="..\..\..\c++\libsocket\libsocket\libsocket.h">
      <Filter>头文件</Filter>
    </ClInclude>
    <ClInclude Include="成绩接收.h">
      <Filter>成绩接收</Filter>
    </ClInclude>
    <ClInclude Include="数据接收控制.h">
      <Filter>头文件</Filter>
    </ClInclude>
    <ClInclude Include="..\..\..\c++\libfilesql\libfilesql\libfilesql.h">
      <Filter>头文件</Filter>
    </ClInclude>
    <ClInclude Include="..\..\电工电路试验台\电工电路试验台\tool\gradeSubmit.h">
      <Filter>成绩接收</Filter>
    </ClInclude>
    <ClInclude Include="成绩查询.h">
      <Filter>成绩查询</Filter>
    </ClInclude>
    <ClInclude Include="元件伏安特性测试.h">
      <Filter>成绩查询\元件伏安特性测试</Filter>
    </ClInclude>
    <ClInclude Include="ScreenCapture.h">
      <Filter>查看学生电脑</Filter>
    </ClInclude>
    <ClInclude Include="LongConnectServ.h">
      <Filter>长连接</Filter>
    </ClInclude>
    <ClInclude Include="元件伏安特性监控.h">
      <Filter>查看学生电脑\学生正在做的实验</Filter>
    </ClInclude>
    <ClInclude Include="monitorTrial.h">
      <Filter>查看学生电脑\成绩监控</Filter>
    </ClInclude>
    <ClInclude Include="监控实验汇总.h">
      <Filter>查看学生电脑\学生正在做的实验</Filter>
    </ClInclude>
    <ClInclude Include="TodayTrial.h">
      <Filter>今天做的实验</Filter>
    </ClInclude>
    <ClInclude Include="基尔霍夫定律监控.h">
      <Filter>查看学生电脑\学生正在做的实验</Filter>
    </ClInclude>
    <ClInclude Include="基尔霍夫定律.h">
      <Filter>成绩查询\基尔霍夫定律</Filter>
    </ClInclude>
    <ClInclude Include="叠加原理监控.h">
      <Filter>查看学生电脑\学生正在做的实验</Filter>
    </ClInclude>
    <ClInclude Include="叠加原理.h">
      <Filter>成绩查询\叠加原理</Filter>
    </ClInclude>
    <ClInclude Include="戴维南定理监控.h">
      <Filter>查看学生电脑\学生正在做的实验</Filter>
    </ClInclude>
    <ClInclude Include="戴维南定理.h">
      <Filter>成绩查询\戴维南定理</Filter>
    </ClInclude>
    <ClInclude Include="电压源与电流源的等效变换.h">
      <Filter>成绩查询\电压源与电流源的等效变换</Filter>
    </ClInclude>
    <ClInclude Include="电压源与电流源的等效变换监控.h">
      <Filter>查看学生电脑\学生正在做的实验</Filter>
    </ClInclude>
    <ClInclude Include="一阶电路的响应测试.h">
      <Filter>成绩查询\一阶电路的响应测试</Filter>
    </ClInclude>
    <ClInclude Include="一阶电路的响应测试监控.h">
      <Filter>查看学生电脑\学生正在做的实验</Filter>
    </ClInclude>
    <ClInclude Include="二阶动态电路响应的研究.h">
      <Filter>成绩查询\二阶动态电路响应的研究</Filter>
    </ClInclude>
    <ClInclude Include="二阶动态电路响应的研究监控.h">
      <Filter>查看学生电脑\学生正在做的实验</Filter>
    </ClInclude>
    <ClInclude Include="VCVS实验监控.h">
      <Filter>查看学生电脑\学生正在做的实验</Filter>
    </ClInclude>
    <ClInclude Include="VCVS实验.h">
      <Filter>成绩查询\VCVS实验</Filter>
    </ClInclude>
    <ClInclude Include="二端口网络的研究监控.h">
      <Filter>查看学生电脑\学生正在做的实验</Filter>
    </ClInclude>
    <ClInclude Include="二端口网络的研究.h">
      <Filter>成绩查询\二端口网络的研究</Filter>
    </ClInclude>
    <ClInclude Include="最大功率传输条件的测定监控.h">
      <Filter>查看学生电脑\学生正在做的实验</Filter>
    </ClInclude>
    <ClInclude Include="最大功率传输条件的测定.h">
      <Filter>成绩查询\最大功率传输条件的测定</Filter>
    </ClInclude>
    <ClInclude Include="电路状态轨迹的观测监控.h">
      <Filter>查看学生电脑\学生正在做的实验</Filter>
    </ClInclude>
    <ClInclude Include="电路状态轨迹的观测.h">
      <Filter>成绩查询\电路状态轨迹的观测</Filter>
    </ClInclude>
    <ClInclude Include="RLC元件阻抗特性的测定监控.h">
      <Filter>查看学生电脑\学生正在做的实验</Filter>
    </ClInclude>
    <ClInclude Include="RLC元件阻抗特性的测定.h">
      <Filter>成绩查询\RLC元件阻抗特性的测定</Filter>
    </ClInclude>
    <ClInclude Include="RLC串联谐振电路的研究监控.h">
      <Filter>查看学生电脑\学生正在做的实验</Filter>
    </ClInclude>
    <ClInclude Include="RLC串联谐振电路的研究.h">
      <Filter>成绩查询\RLC串联谐振电路的研究</Filter>
    </ClInclude>
    <ClInclude Include="单相铁心变压器特性的测试监控.h">
      <Filter>查看学生电脑\学生正在做的实验</Filter>
    </ClInclude>
    <ClInclude Include="单相铁心变压器特性的测试.h">
      <Filter>成绩查询\单相铁心变压器特性的测试</Filter>
    </ClInclude>
    <ClInclude Include="单相电度表实验监控.h">
      <Filter>查看学生电脑\学生正在做的实验</Filter>
    </ClInclude>
    <ClInclude Include="单相电度表实验.h">
      <Filter>成绩查询\单相电度表实验</Filter>
    </ClInclude>
    <ClInclude Include="三相交流电路电压电流的测量监控.h">
      <Filter>查看学生电脑\学生正在做的实验</Filter>
    </ClInclude>
    <ClInclude Include="三相交流电路电压电流的测量.h">
      <Filter>成绩查询\三相交流电路电压电流的测量</Filter>
    </ClInclude>
    <ClInclude Include="日光灯功率因数的提高监控.h">
      <Filter>查看学生电脑\学生正在做的实验</Filter>
    </ClInclude>
    <ClInclude Include="日光灯功率因数的提高.h">
      <Filter>成绩查询\日光灯功率因数的提高</Filter>
    </ClInclude>
    <ClInclude Include="回转器监控.h">
      <Filter>查看学生电脑\学生正在做的实验</Filter>
    </ClInclude>
    <ClInclude Include="回转器.h">
      <Filter>成绩查询\回转器</Filter>
    </ClInclude>
  </ItemGroup>
  <ItemGroup>
    <ClCompile Include="Main.cpp">
      <Filter>源文件</Filter>
    </ClCompile>
    <ClCompile Include="mainWnd.cpp">
      <Filter>源文件</Filter>
    </ClCompile>
    <ClCompile Include="lookStuCom.cpp">
      <Filter>查看学生电脑</Filter>
    </ClCompile>
    <ClCompile Include="tool.cpp">
      <Filter>头文件</Filter>
    </ClCompile>
    <ClCompile Include="成绩接收.cpp">
      <Filter>成绩接收</Filter>
    </ClCompile>
    <ClCompile Include="成绩查询.cpp">
      <Filter>成绩查询</Filter>
    </ClCompile>
    <ClCompile Include="元件伏安特性测试.cpp">
      <Filter>成绩查询\元件伏安特性测试</Filter>
    </ClCompile>
    <ClCompile Include="ScreenCapture.cpp">
      <Filter>查看学生电脑</Filter>
    </ClCompile>
    <ClCompile Include="LongConnectServ.cpp">
      <Filter>长连接</Filter>
    </ClCompile>
    <ClCompile Include="monitorTrial.cpp">
      <Filter>查看学生电脑\成绩监控</Filter>
    </ClCompile>
    <ClCompile Include="TodayTrial.cpp">
      <Filter>今天做的实验</Filter>
    </ClCompile>
    <ClCompile Include="monitorLoad.cpp">
      <Filter>查看学生电脑\学生正在做的实验</Filter>
    </ClCompile>
    <ClCompile Include="基尔霍夫定律.cpp">
      <Filter>成绩查询\基尔霍夫定律</Filter>
    </ClCompile>
    <ClCompile Include="叠加原理.cpp">
      <Filter>成绩查询\叠加原理</Filter>
    </ClCompile>
    <ClCompile Include="戴维南定理.cpp">
      <Filter>成绩查询\戴维南定理</Filter>
    </ClCompile>
    <ClCompile Include="电压源与电流源的等效变换.cpp">
      <Filter>成绩查询\电压源与电流源的等效变换</Filter>
    </ClCompile>
    <ClCompile Include="一阶电路的响应测试.cpp">
      <Filter>成绩查询\一阶电路的响应测试</Filter>
    </ClCompile>
    <ClCompile Include="二阶动态电路响应的研究.cpp">
      <Filter>成绩查询\二阶动态电路响应的研究</Filter>
    </ClCompile>
    <ClCompile Include="VCVS实验.cpp">
      <Filter>成绩查询\VCVS实验</Filter>
    </ClCompile>
    <ClCompile Include="二端口网络的研究.cpp">
      <Filter>成绩查询\二端口网络的研究</Filter>
    </ClCompile>
    <ClCompile Include="最大功率传输条件的测定.cpp">
      <Filter>成绩查询\最大功率传输条件的测定</Filter>
    </ClCompile>
    <ClCompile Include="电路状态轨迹的观测.cpp">
      <Filter>成绩查询\电路状态轨迹的观测</Filter>
    </ClCompile>
    <ClCompile Include="RLC元件阻抗特性的测定.cpp">
      <Filter>成绩查询\RLC元件阻抗特性的测定</Filter>
    </ClCompile>
    <ClCompile Include="RLC串联谐振电路的研究.cpp">
      <Filter>成绩查询\RLC串联谐振电路的研究</Filter>
    </ClCompile>
    <ClCompile Include="单相铁心变压器特性的测试.cpp">
      <Filter>成绩查询\单相铁心变压器特性的测试</Filter>
    </ClCompile>
    <ClCompile Include="单相电度表实验.cpp">
      <Filter>成绩查询\单相电度表实验</Filter>
    </ClCompile>
    <ClCompile Include="三相交流电路电压电流的测量.cpp">
      <Filter>成绩查询\三相交流电路电压电流的测量</Filter>
    </ClCompile>
    <ClCompile Include="日光灯功率因数的提高.cpp">
      <Filter>成绩查询\日光灯功率因数的提高</Filter>
    </ClCompile>
    <ClCompile Include="回转器.cpp">
      <Filter>成绩查询\回转器</Filter>
    </ClCompile>
  </ItemGroup>
  <ItemGroup>
    <EmbeddedResource Include="Login.resx">
      <Filter>资源文件</Filter>
    </EmbeddedResource>
    <EmbeddedResource Include="lookStuCom.resx">
      <Filter>资源文件</Filter>
    </EmbeddedResource>
    <EmbeddedResource Include="mainWnd.resx">
      <Filter>资源文件</Filter>
    </EmbeddedResource>
    <EmbeddedResource Include="数据接收控制.resx">
      <Filter>资源文件</Filter>
    </EmbeddedResource>
    <EmbeddedResource Include="元件伏安特性测试.resx">
      <Filter>资源文件</Filter>
    </EmbeddedResource>
    <EmbeddedResource Include="成绩查询.resx">
      <Filter>资源文件</Filter>
    </EmbeddedResource>
    <EmbeddedResource Include="ScreenCapture.resx">
      <Filter>资源文件</Filter>
    </EmbeddedResource>
    <EmbeddedResource Include="元件伏安特性监控.resx">
      <Filter>资源文件</Filter>
    </EmbeddedResource>
    <EmbeddedResource Include="TodayTrial.resx">
      <Filter>资源文件</Filter>
    </EmbeddedResource>
    <EmbeddedResource Include="叠加原理.resx">
      <Filter>资源文件</Filter>
    </EmbeddedResource>
    <EmbeddedResource Include="叠加原理监控.resx">
      <Filter>资源文件</Filter>
    </EmbeddedResource>
    <EmbeddedResource Include="基尔霍夫定律.resx">
      <Filter>资源文件</Filter>
    </EmbeddedResource>
    <EmbeddedResource Include="基尔霍夫定律监控.resx">
      <Filter>资源文件</Filter>
    </EmbeddedResource>
    <EmbeddedResource Include="戴维南定理.resx">
      <Filter>资源文件</Filter>
    </EmbeddedResource>
    <EmbeddedResource Include="戴维南定理监控.resx">
      <Filter>资源文件</Filter>
    </EmbeddedResource>
    <EmbeddedResource Include="电压源与电流源的等效变换.resx">
      <Filter>资源文件</Filter>
    </EmbeddedResource>
    <EmbeddedResource Include="电压源与电流源的等效变换监控.resx">
      <Filter>资源文件</Filter>
    </EmbeddedResource>
    <EmbeddedResource Include="一阶电路的响应测试.resx">
      <Filter>资源文件</Filter>
    </EmbeddedResource>
    <EmbeddedResource Include="一阶电路的响应测试监控.resx">
      <Filter>资源文件</Filter>
    </EmbeddedResource>
    <EmbeddedResource Include="二阶动态电路响应的研究.resx">
      <Filter>资源文件</Filter>
    </EmbeddedResource>
    <EmbeddedResource Include="二阶动态电路响应的研究监控.resx">
      <Filter>资源文件</Filter>
    </EmbeddedResource>
    <EmbeddedResource Include="VCVS实验.resx">
      <Filter>资源文件</Filter>
    </EmbeddedResource>
    <EmbeddedResource Include="VCVS实验监控.resx">
      <Filter>资源文件</Filter>
    </EmbeddedResource>
    <EmbeddedResource Include="二端口网络的研究.resx">
      <Filter>资源文件</Filter>
    </EmbeddedResource>
    <EmbeddedResource Include="二端口网络的研究监控.resx">
      <Filter>资源文件</Filter>
    </EmbeddedResource>
    <EmbeddedResource Include="最大功率传输条件的测定.resx">
      <Filter>资源文件</Filter>
    </EmbeddedResource>
    <EmbeddedResource Include="最大功率传输条件的测定监控.resx">
      <Filter>资源文件</Filter>
    </EmbeddedResource>
    <EmbeddedResource Include="电路状态轨迹的观测.resx">
      <Filter>资源文件</Filter>
    </EmbeddedResource>
    <EmbeddedResource Include="电路状态轨迹的观测监控.resx">
      <Filter>资源文件</Filter>
    </EmbeddedResource>
    <EmbeddedResource Include="RLC元件阻抗特性的测定.resx">
      <Filter>资源文件</Filter>
    </EmbeddedResource>
    <EmbeddedResource Include="RLC元件阻抗特性的测定监控.resx">
      <Filter>资源文件</Filter>
    </EmbeddedResource>
    <EmbeddedResource Include="RLC串联谐振电路的研究.resx">
      <Filter>资源文件</Filter>
    </EmbeddedResource>
    <EmbeddedResource Include="RLC串联谐振电路的研究监控.resx">
      <Filter>资源文件</Filter>
    </EmbeddedResource>
    <EmbeddedResource Include="单相铁心变压器特性的测试.resx">
      <Filter>资源文件</Filter>
    </EmbeddedResource>
    <EmbeddedResource Include="单相铁心变压器特性的测试监控.resx">
      <Filter>资源文件</Filter>
    </EmbeddedResource>
    <EmbeddedResource Include="单相电度表实验.resx">
      <Filter>资源文件</Filter>
    </EmbeddedResource>
    <EmbeddedResource Include="单相电度表实验监控.resx">
      <Filter>资源文件</Filter>
    </EmbeddedResource>
    <EmbeddedResource Include="三相交流电路电压电流的测量.resx">
      <Filter>资源文件</Filter>
    </EmbeddedResource>
    <EmbeddedResource Include="三相交流电路电压电流的测量监控.resx">
      <Filter>资源文件</Filter>
    </EmbeddedResource>
    <EmbeddedResource Include="日光灯功率因数的提高.resx">
      <Filter>资源文件</Filter>
    </EmbeddedResource>
    <EmbeddedResource Include="日光灯功率因数的提高监控.resx">
      <Filter>资源文件</Filter>
    </EmbeddedResource>
  </ItemGroup>
</Project>